
Microsoft Visual Studio Solution File, Format Version 12.00
# Visual Studio Version 17
VisualStudioVersion = 17.8.34408.163
MinimumVisualStudioVersion = 10.0.40219.1
Project("{FAE04EC0-301F-11D3-BF4B-00C04F79EFBC}") = "BOOK", "BOOK\BOOK.csproj", "{B1E05539-6ABA-46AA-8726-6ED80962296B}"
EndProject
Global
	GlobalSection(SolutionConfigurationPlatforms) = preSolution
		Debug|Any CPU = Debug|Any CPU
		Release|Any CPU = Release|Any CPU
	EndGlobalSection
	GlobalSection(ProjectConfigurationPlatforms) = postSolution
		{B1E05539-6ABA-46AA-8726-6ED80962296B}.Debug|Any CPU.ActiveCfg = Debug|Any CPU
		{B1E05539-6ABA-46AA-8726-6ED80962296B}.Debug|Any CPU.Build.0 = Debug|Any CPU
		{B1E05539-6ABA-46AA-8726-6ED80962296B}.Release|Any CPU.ActiveCfg = Release|Any CPU
		{B1E05539-6ABA-46AA-8726-6ED80962296B}.Release|Any CPU.Build.0 = Release|Any CPU
	EndGlobalSection
	GlobalSection(SolutionProperties) = preSolution
		HideSolutionNode = FALSE
	EndGlobalSection
	GlobalSection(ExtensibilityGlobals) = postSolution
		SolutionGuid = {B2559AB8-AC74-4EB0-B3B2-3AADCC8DC14A}
	EndGlobalSection
EndGlobal
