
Microsoft Visual Studio Solution File, Format Version 12.00
# Visual Studio Version 17
VisualStudioVersion = 17.8.34408.163
MinimumVisualStudioVersion = 10.0.40219.1
Project("{FAE04EC0-301F-11D3-BF4B-00C04F79EFBC}") = "Product MS", "Product MS\Product MS.csproj", "{340CC7E6-4C76-466D-9D87-BF746EFF9DAC}"
EndProject
Global
	GlobalSection(SolutionConfigurationPlatforms) = preSolution
		Debug|Any CPU = Debug|Any CPU
		Release|Any CPU = Release|Any CPU
	EndGlobalSection
	GlobalSection(ProjectConfigurationPlatforms) = postSolution
		{340CC7E6-4C76-466D-9D87-BF746EFF9DAC}.Debug|Any CPU.ActiveCfg = Debug|Any CPU
		{340CC7E6-4C76-466D-9D87-BF746EFF9DAC}.Debug|Any CPU.Build.0 = Debug|Any CPU
		{340CC7E6-4C76-466D-9D87-BF746EFF9DAC}.Release|Any CPU.ActiveCfg = Release|Any CPU
		{340CC7E6-4C76-466D-9D87-BF746EFF9DAC}.Release|Any CPU.Build.0 = Release|Any CPU
	EndGlobalSection
	GlobalSection(SolutionProperties) = preSolution
		HideSolutionNode = FALSE
	EndGlobalSection
	GlobalSection(ExtensibilityGlobals) = postSolution
		SolutionGuid = {1E9B42A8-9BB2-4212-84C7-F930F904612D}
	EndGlobalSection
EndGlobal
