
Microsoft Visual Studio Solution File, Format Version 12.00
# Visual Studio Version 17
VisualStudioVersion = 17.9.34714.143
MinimumVisualStudioVersion = 10.0.40219.1
Project("{FAE04EC0-301F-11D3-BF4B-00C04F79EFBC}") = "GameProject", "GameProject.csproj", "{CF2E6A68-DC6C-4BBB-A6C3-6B2E209A832A}"
EndProject
Global
	GlobalSection(SolutionConfigurationPlatforms) = preSolution
		Debug|Any CPU = Debug|Any CPU
		Release|Any CPU = Release|Any CPU
	EndGlobalSection
	GlobalSection(ProjectConfigurationPlatforms) = postSolution
		{CF2E6A68-DC6C-4BBB-A6C3-6B2E209A832A}.Debug|Any CPU.ActiveCfg = Debug|Any CPU
		{CF2E6A68-DC6C-4BBB-A6C3-6B2E209A832A}.Debug|Any CPU.Build.0 = Debug|Any CPU
		{CF2E6A68-DC6C-4BBB-A6C3-6B2E209A832A}.Release|Any CPU.ActiveCfg = Release|Any CPU
		{CF2E6A68-DC6C-4BBB-A6C3-6B2E209A832A}.Release|Any CPU.Build.0 = Release|Any CPU
	EndGlobalSection
	GlobalSection(SolutionProperties) = preSolution
		HideSolutionNode = FALSE
	EndGlobalSection
	GlobalSection(ExtensibilityGlobals) = postSolution
		SolutionGuid = {2AFDB8B3-8933-4D1C-9DC2-70FAD743DCAB}
	EndGlobalSection
EndGlobal
