
Microsoft Visual Studio Solution File, Format Version 12.00
# Visual Studio Version 17
VisualStudioVersion = 17.8.34408.163
MinimumVisualStudioVersion = 10.0.40219.1
Project("{FAE04EC0-301F-11D3-BF4B-00C04F79EFBC}") = "SignInMenu", "SignInMenu\SignInMenu.csproj", "{36A145E7-E59C-4848-8D1A-7C2F57C02B8E}"
EndProject
Global
	GlobalSection(SolutionConfigurationPlatforms) = preSolution
		Debug|Any CPU = Debug|Any CPU
		Release|Any CPU = Release|Any CPU
	EndGlobalSection
	GlobalSection(ProjectConfigurationPlatforms) = postSolution
		{36A145E7-E59C-4848-8D1A-7C2F57C02B8E}.Debug|Any CPU.ActiveCfg = Debug|Any CPU
		{36A145E7-E59C-4848-8D1A-7C2F57C02B8E}.Debug|Any CPU.Build.0 = Debug|Any CPU
		{36A145E7-E59C-4848-8D1A-7C2F57C02B8E}.Release|Any CPU.ActiveCfg = Release|Any CPU
		{36A145E7-E59C-4848-8D1A-7C2F57C02B8E}.Release|Any CPU.Build.0 = Release|Any CPU
	EndGlobalSection
	GlobalSection(SolutionProperties) = preSolution
		HideSolutionNode = FALSE
	EndGlobalSection
	GlobalSection(ExtensibilityGlobals) = postSolution
		SolutionGuid = {07612BE5-0491-4DAD-B547-488C42FF88A0}
	EndGlobalSection
EndGlobal
